
Microsoft Visual Studio Solution File, Format Version 12.00
# Visual Studio Version 17
VisualStudioVersion = 17.9.34616.47
MinimumVisualStudioVersion = 10.0.40219.1
Project("{FAE04EC0-301F-11D3-BF4B-00C04F79EFBC}") = "OrcamentosNet", "OrcamentosNet\OrcamentosNet.csproj", "{8706984F-DC44-440C-BA9D-E9A12BCB482F}"
EndProject
Global
	GlobalSection(SolutionConfigurationPlatforms) = preSolution
		Debug|Any CPU = Debug|Any CPU
		Release|Any CPU = Release|Any CPU
	EndGlobalSection
	GlobalSection(ProjectConfigurationPlatforms) = postSolution
		{8706984F-DC44-440C-BA9D-E9A12BCB482F}.Debug|Any CPU.ActiveCfg = Debug|Any CPU
		{8706984F-DC44-440C-BA9D-E9A12BCB482F}.Debug|Any CPU.Build.0 = Debug|Any CPU
		{8706984F-DC44-440C-BA9D-E9A12BCB482F}.Release|Any CPU.ActiveCfg = Release|Any CPU
		{8706984F-DC44-440C-BA9D-E9A12BCB482F}.Release|Any CPU.Build.0 = Release|Any CPU
	EndGlobalSection
	GlobalSection(SolutionProperties) = preSolution
		HideSolutionNode = FALSE
	EndGlobalSection
	GlobalSection(ExtensibilityGlobals) = postSolution
		SolutionGuid = {F32DDC01-7331-4507-A2C6-35354309EE68}
	EndGlobalSection
EndGlobal
